{
  "requires": true,
  "lockfileVersion": 1,
  "dependencies": {
    "jasmine-core": {
      "version": "3.3.0",
      "resolved": "https://registry.npmjs.org/jasmine-core/-/jasmine-core-3.3.0.tgz",
      "integrity": "sha512-3/xSmG/d35hf80BEN66Y6g9Ca5l/Isdeg/j6zvbTYlTzeKinzmaTM4p9am5kYqOmE05D7s1t8FGjzdSnbUbceA=="
    },
    "jquery": {
      "version": "3.3.1",
      "resolved": "https://registry.npmjs.org/jquery/-/jquery-3.3.1.tgz",
      "integrity": "sha512-Ubldcmxp5np52/ENotGxlLe6aGMvmF4R8S6tZjsP6Knsaxd/xp3Zrh50cG93lR6nPXyUFwzN3ZSOQI0wRJNdGg=="
    }
  }
}
